
Microsoft Visual Studio Solution File, Format Version 12.00
# Visual Studio Version 17
VisualStudioVersion = 17.2.32210.308
MinimumVisualStudioVersion = 10.0.40219.1
Project("{9A19103F-16F7-4668-BE54-9A1E7A4F7556}") = "ReactSPA", "ReactSPA\ReactSPA.csproj", "{D96B3CF2-5590-4B50-A4E4-178272736AFA}"
EndProject
Project("{2150E333-8FDC-42A3-9474-1A3956D46DE8}") = "configs", "configs", "{10359929-A750-431E-B3A4-218F26DF2A88}"
	ProjectSection(SolutionItems) = preProject
		Dockerfile = Dockerfile
	EndProjectSection
EndProject
Global
	GlobalSection(SolutionConfigurationPlatforms) = preSolution
		Debug|Any CPU = Debug|Any CPU
		Release|Any CPU = Release|Any CPU
	EndGlobalSection
	GlobalSection(ProjectConfigurationPlatforms) = postSolution
		{D96B3CF2-5590-4B50-A4E4-178272736AFA}.Debug|Any CPU.ActiveCfg = Debug|Any CPU
		{D96B3CF2-5590-4B50-A4E4-178272736AFA}.Debug|Any CPU.Build.0 = Debug|Any CPU
		{D96B3CF2-5590-4B50-A4E4-178272736AFA}.Release|Any CPU.ActiveCfg = Release|Any CPU
		{D96B3CF2-5590-4B50-A4E4-178272736AFA}.Release|Any CPU.Build.0 = Release|Any CPU
	EndGlobalSection
	GlobalSection(SolutionProperties) = preSolution
		HideSolutionNode = FALSE
	EndGlobalSection
	GlobalSection(ExtensibilityGlobals) = postSolution
		SolutionGuid = {20D8A355-AE40-469F-A45E-A2B4D3B00FE7}
	EndGlobalSection
EndGlobal
