{
  "name": "FSS",
  "lockfileVersion": 2,
  "requires": true,
  "packages": {
    "": {
      "dependencies": {
        "ant-design": "^1.0.0"
      }
    },
    "node_modules/ant-design": {
      "version": "1.0.0",
      "resolved": "https://registry.npmjs.org/ant-design/-/ant-design-1.0.0.tgz",
      "integrity": "sha1-U+oKOX2pdjWOiL8GIk+z3nVrh7Q="
    }
  },
  "dependencies": {
    "ant-design": {
      "version": "1.0.0",
      "resolved": "https://registry.npmjs.org/ant-design/-/ant-design-1.0.0.tgz",
      "integrity": "sha1-U+oKOX2pdjWOiL8GIk+z3nVrh7Q="
    }
  }
}
